
Microsoft Visual Studio Solution File, Format Version 12.00
# Visual Studio Version 17
VisualStudioVersion = 17.14.36109.1 d17.14
MinimumVisualStudioVersion = 10.0.40219.1
Project("{FAE04EC0-301F-11D3-BF4B-00C04F79EFBC}") = "Task_Day2", "Task_Day2\Task_Day2.csproj", "{0AEA247E-6CD9-49C3-8700-23E7AD7512C7}"
EndProject
Global
	GlobalSection(SolutionConfigurationPlatforms) = preSolution
		Debug|Any CPU = Debug|Any CPU
		Release|Any CPU = Release|Any CPU
	EndGlobalSection
	GlobalSection(ProjectConfigurationPlatforms) = postSolution
		{0AEA247E-6CD9-49C3-8700-23E7AD7512C7}.Debug|Any CPU.ActiveCfg = Debug|Any CPU
		{0AEA247E-6CD9-49C3-8700-23E7AD7512C7}.Debug|Any CPU.Build.0 = Debug|Any CPU
		{0AEA247E-6CD9-49C3-8700-23E7AD7512C7}.Release|Any CPU.ActiveCfg = Release|Any CPU
		{0AEA247E-6CD9-49C3-8700-23E7AD7512C7}.Release|Any CPU.Build.0 = Release|Any CPU
	EndGlobalSection
	GlobalSection(SolutionProperties) = preSolution
		HideSolutionNode = FALSE
	EndGlobalSection
	GlobalSection(ExtensibilityGlobals) = postSolution
		SolutionGuid = {BDC60810-E7CC-4DEB-80A5-792D1426B8FE}
	EndGlobalSection
EndGlobal
